// !$*UTF8*$!
{
	archiveVersion = 1;
	classes = {
	};
	objectVersion = 77;
	objects = {

/* Begin PBXBuildFile section */
		0094C2BE86AD9F0BA2235B81 /* MenuBarController.swift in Sources */ = {isa = PBXBuildFile; fileRef = C977BDEFEBE5360FB5236F08 /* MenuBarController.swift */; };
		0A38A673CC492FFB83F42CB7 /* SingBoxManager.swift in Sources */ = {isa = PBXBuildFile; fileRef = 50A858EA4AE7625E98A44511 /* SingBoxManager.swift */; };
		0C785525741D3339F7A695FF /* RoutingViewModel.swift in Sources */ = {isa = PBXBuildFile; fileRef = 863E23F62A926736D7576DC3 /* RoutingViewModel.swift */; };
		135293C6B317F209FCC905A3 /* ProfileManager.swift in Sources */ = {isa = PBXBuildFile; fileRef = D3EF8A0F402E8699818509C0 /* ProfileManager.swift */; };
		1DCE274E264B4F30D101783A /* SubscriptionManager.swift in Sources */ = {isa = PBXBuildFile; fileRef = 1F2BA40BD9832F5AFBB8D437 /* SubscriptionManager.swift */; };
		33D3D30D8106B9308D627E06 /* SettingsView.swift in Sources */ = {isa = PBXBuildFile; fileRef = 3AED553260CDE8C971A4F31D /* SettingsView.swift */; };
		39851E5B16437F394BA4AE80 /* ProxyProfile.swift in Sources */ = {isa = PBXBuildFile; fileRef = 1C2322BE607DF0152A18BE7F /* ProxyProfile.swift */; };
		3C682396C0C382AEB0F4458A /* SubscriptionStore.swift in Sources */ = {isa = PBXBuildFile; fileRef = ABC08D5C15579F94697CE2A2 /* SubscriptionStore.swift */; };
		3E70C835BB2283936F0D5722 /* ContentView.swift in Sources */ = {isa = PBXBuildFile; fileRef = 770A9CC5579203809D3DACCC /* ContentView.swift */; };
		3E73FFAEF7614EF34F65C0CF /* Subscription.swift in Sources */ = {isa = PBXBuildFile; fileRef = CB8E667D7910CDD0AF684ECC /* Subscription.swift */; };
		4482BCB7940597FF186D54EB /* ProxyProtocol.swift in Sources */ = {isa = PBXBuildFile; fileRef = C943BE22208F1E6C96CA0FE5 /* ProxyProtocol.swift */; };
		49BB87FC600C5CC436F7564C /* RoutingView.swift in Sources */ = {isa = PBXBuildFile; fileRef = 3671E9BC136FED153CDABCBD /* RoutingView.swift */; };
		4A381EA203827D14D48BB10B /* PacketTunnelProvider.swift in Sources */ = {isa = PBXBuildFile; fileRef = D4052A9CBBC47FCAE9E8F0FF /* PacketTunnelProvider.swift */; };
		4CEE54BA2497AF27FDB446A7 /* TrafficStats.swift in Sources */ = {isa = PBXBuildFile; fileRef = 268F045F3C48AEF2BD523FB2 /* TrafficStats.swift */; };
		4D8F23D4B48FEF584522D2BC /* DashboardView.swift in Sources */ = {isa = PBXBuildFile; fileRef = 21FD45F378A1BF28CF472422 /* DashboardView.swift */; };
		507BDE53A7C198AACB741A18 /* RoutingStore.swift in Sources */ = {isa = PBXBuildFile; fileRef = C39ABC3ADAD42E0370A530C1 /* RoutingStore.swift */; };
		52C735AEDA33EAA5F2D8A4DD /* LogsView.swift in Sources */ = {isa = PBXBuildFile; fileRef = D7C0EA7E38A9E14104346507 /* LogsView.swift */; };
		5DCE129CD0456DBAF002EC97 /* AddProfileView.swift in Sources */ = {isa = PBXBuildFile; fileRef = 715186492E8DF70BD56A58F3 /* AddProfileView.swift */; };
		629006979F757748488BE5C1 /* ConnectionMode.swift in Sources */ = {isa = PBXBuildFile; fileRef = 4A686CB611DFCCD9E774920A /* ConnectionMode.swift */; };
		75312C581A93D45CB3024160 /* RulePresets.swift in Sources */ = {isa = PBXBuildFile; fileRef = B71029C3A20BC5590F3ACB3B /* RulePresets.swift */; };
		7657EBD2BEEA839ACE32BCE5 /* ProfileListView.swift in Sources */ = {isa = PBXBuildFile; fileRef = F87420B675DF5C92A95996BA /* ProfileListView.swift */; };
		7E7FB5C4EF9CBE2BA15FF189 /* KeychainStore.swift in Sources */ = {isa = PBXBuildFile; fileRef = AC05A67CEBE6C7A67610BDF4 /* KeychainStore.swift */; };
		90563355C466B0F855971FEF /* LogsViewModel.swift in Sources */ = {isa = PBXBuildFile; fileRef = 8951D8B0D1B3D0DFC377C4BE /* LogsViewModel.swift */; };
		9105D8D0298D9614BD3520E4 /* SystemProxyManager.swift in Sources */ = {isa = PBXBuildFile; fileRef = 0ACAD5AE7254EEC7668DB0BC /* SystemProxyManager.swift */; };
		914177A69C15BA9BAB25D6B4 /* DashboardViewModel.swift in Sources */ = {isa = PBXBuildFile; fileRef = 836019094D6FC5CD1CB8557E /* DashboardViewModel.swift */; };
		955390507BE2A9954681A4B6 /* RoutingRule.swift in Sources */ = {isa = PBXBuildFile; fileRef = 912FD57C6C8EC6C80B02BBD0 /* RoutingRule.swift */; };
		A4BBAE87D225B08407D02037 /* LogEntry.swift in Sources */ = {isa = PBXBuildFile; fileRef = 925C53DC499AC299D8559BF3 /* LogEntry.swift */; };
		B505E53129BF16FA7984D9D1 /* ProfilesViewModel.swift in Sources */ = {isa = PBXBuildFile; fileRef = 98D23131CD74D838F61B732C /* ProfilesViewModel.swift */; };
		C595EEAA80FEAA7499B84EA5 /* VPNManager.swift in Sources */ = {isa = PBXBuildFile; fileRef = B7D415F21BB4C21C784650FE /* VPNManager.swift */; };
		D0EBEDA656A4FADF66FAFC8B /* SingBoxConfigBuilder.swift in Sources */ = {isa = PBXBuildFile; fileRef = BBA9497DBBFCD9A442559AE0 /* SingBoxConfigBuilder.swift */; };
		D4C716A841DEE5DA9DFED8E9 /* RuleEditorView.swift in Sources */ = {isa = PBXBuildFile; fileRef = D5D0B845F41D2AD134C5545A /* RuleEditorView.swift */; };
		E37636BF4B3FCC44A099E81E /* PrismTUNApp.swift in Sources */ = {isa = PBXBuildFile; fileRef = DA6A29347EB71A60BCBDFB4F /* PrismTUNApp.swift */; };
		E9E41EF44C824A52BC97F74D /* AddSubscriptionView.swift in Sources */ = {isa = PBXBuildFile; fileRef = A6195F3292AFD4C8DD0E7BD7 /* AddSubscriptionView.swift */; };
		EB752AFDD10C471BD5A95F05 /* ProfileStore.swift in Sources */ = {isa = PBXBuildFile; fileRef = 4A6BC52F92554984F423B87D /* ProfileStore.swift */; };
		EB946D0CE95A6739899453E4 /* ServerTester.swift in Sources */ = {isa = PBXBuildFile; fileRef = CA9101786328CD432A54D231 /* ServerTester.swift */; };
		F531C6BE6942113A7A809BD1 /* NetworkMonitor.swift in Sources */ = {isa = PBXBuildFile; fileRef = 924CC40EA380DCCB9A75732B /* NetworkMonitor.swift */; };
/* End PBXBuildFile section */

/* Begin PBXFileReference section */
		0ACAD5AE7254EEC7668DB0BC /* SystemProxyManager.swift */ = {isa = PBXFileReference; lastKnownFileType = sourcecode.swift; path = SystemProxyManager.swift; sourceTree = "<group>"; };
		1C2322BE607DF0152A18BE7F /* ProxyProfile.swift */ = {isa = PBXFileReference; lastKnownFileType = sourcecode.swift; path = ProxyProfile.swift; sourceTree = "<group>"; };
		1D4D851A01F66E44C8171C60 /* PacketTunnelProvider.appex */ = {isa = PBXFileReference; explicitFileType = "wrapper.app-extension"; includeInIndex = 0; path = PacketTunnelProvider.appex; sourceTree = BUILT_PRODUCTS_DIR; };
		1F2BA40BD9832F5AFBB8D437 /* SubscriptionManager.swift */ = {isa = PBXFileReference; lastKnownFileType = sourcecode.swift; path = SubscriptionManager.swift; sourceTree = "<group>"; };
		21FD45F378A1BF28CF472422 /* DashboardView.swift */ = {isa = PBXFileReference; lastKnownFileType = sourcecode.swift; path = DashboardView.swift; sourceTree = "<group>"; };
		268F045F3C48AEF2BD523FB2 /* TrafficStats.swift */ = {isa = PBXFileReference; lastKnownFileType = sourcecode.swift; path = TrafficStats.swift; sourceTree = "<group>"; };
		3671E9BC136FED153CDABCBD /* RoutingView.swift */ = {isa = PBXFileReference; lastKnownFileType = sourcecode.swift; path = RoutingView.swift; sourceTree = "<group>"; };
		373A22FD807372E6ABB045C3 /* PrismTUN.app */ = {isa = PBXFileReference; explicitFileType = wrapper.application; includeInIndex = 0; path = PrismTUN.app; sourceTree = BUILT_PRODUCTS_DIR; };
		3AED553260CDE8C971A4F31D /* SettingsView.swift */ = {isa = PBXFileReference; lastKnownFileType = sourcecode.swift; path = SettingsView.swift; sourceTree = "<group>"; };
		4A686CB611DFCCD9E774920A /* ConnectionMode.swift */ = {isa = PBXFileReference; lastKnownFileType = sourcecode.swift; path = ConnectionMode.swift; sourceTree = "<group>"; };
		4A6BC52F92554984F423B87D /* ProfileStore.swift */ = {isa = PBXFileReference; lastKnownFileType = sourcecode.swift; path = ProfileStore.swift; sourceTree = "<group>"; };
		50A858EA4AE7625E98A44511 /* SingBoxManager.swift */ = {isa = PBXFileReference; lastKnownFileType = sourcecode.swift; path = SingBoxManager.swift; sourceTree = "<group>"; };
		715186492E8DF70BD56A58F3 /* AddProfileView.swift */ = {isa = PBXFileReference; lastKnownFileType = sourcecode.swift; path = AddProfileView.swift; sourceTree = "<group>"; };
		770A9CC5579203809D3DACCC /* ContentView.swift */ = {isa = PBXFileReference; lastKnownFileType = sourcecode.swift; path = ContentView.swift; sourceTree = "<group>"; };
		836019094D6FC5CD1CB8557E /* DashboardViewModel.swift */ = {isa = PBXFileReference; lastKnownFileType = sourcecode.swift; path = DashboardViewModel.swift; sourceTree = "<group>"; };
		863E23F62A926736D7576DC3 /* RoutingViewModel.swift */ = {isa = PBXFileReference; lastKnownFileType = sourcecode.swift; path = RoutingViewModel.swift; sourceTree = "<group>"; };
		8951D8B0D1B3D0DFC377C4BE /* LogsViewModel.swift */ = {isa = PBXFileReference; lastKnownFileType = sourcecode.swift; path = LogsViewModel.swift; sourceTree = "<group>"; };
		912FD57C6C8EC6C80B02BBD0 /* RoutingRule.swift */ = {isa = PBXFileReference; lastKnownFileType = sourcecode.swift; path = RoutingRule.swift; sourceTree = "<group>"; };
		924CC40EA380DCCB9A75732B /* NetworkMonitor.swift */ = {isa = PBXFileReference; lastKnownFileType = sourcecode.swift; path = NetworkMonitor.swift; sourceTree = "<group>"; };
		925C53DC499AC299D8559BF3 /* LogEntry.swift */ = {isa = PBXFileReference; lastKnownFileType = sourcecode.swift; path = LogEntry.swift; sourceTree = "<group>"; };
		98D23131CD74D838F61B732C /* ProfilesViewModel.swift */ = {isa = PBXFileReference; lastKnownFileType = sourcecode.swift; path = ProfilesViewModel.swift; sourceTree = "<group>"; };
		A6195F3292AFD4C8DD0E7BD7 /* AddSubscriptionView.swift */ = {isa = PBXFileReference; lastKnownFileType = sourcecode.swift; path = AddSubscriptionView.swift; sourceTree = "<group>"; };
		ABC08D5C15579F94697CE2A2 /* SubscriptionStore.swift */ = {isa = PBXFileReference; lastKnownFileType = sourcecode.swift; path = SubscriptionStore.swift; sourceTree = "<group>"; };
		AC05A67CEBE6C7A67610BDF4 /* KeychainStore.swift */ = {isa = PBXFileReference; lastKnownFileType = sourcecode.swift; path = KeychainStore.swift; sourceTree = "<group>"; };
		B71029C3A20BC5590F3ACB3B /* RulePresets.swift */ = {isa = PBXFileReference; lastKnownFileType = sourcecode.swift; path = RulePresets.swift; sourceTree = "<group>"; };
		B7D415F21BB4C21C784650FE /* VPNManager.swift */ = {isa = PBXFileReference; lastKnownFileType = sourcecode.swift; path = VPNManager.swift; sourceTree = "<group>"; };
		BBA9497DBBFCD9A442559AE0 /* SingBoxConfigBuilder.swift */ = {isa = PBXFileReference; lastKnownFileType = sourcecode.swift; path = SingBoxConfigBuilder.swift; sourceTree = "<group>"; };
		C39ABC3ADAD42E0370A530C1 /* RoutingStore.swift */ = {isa = PBXFileReference; lastKnownFileType = sourcecode.swift; path = RoutingStore.swift; sourceTree = "<group>"; };
		C943BE22208F1E6C96CA0FE5 /* ProxyProtocol.swift */ = {isa = PBXFileReference; lastKnownFileType = sourcecode.swift; path = ProxyProtocol.swift; sourceTree = "<group>"; };
		C977BDEFEBE5360FB5236F08 /* MenuBarController.swift */ = {isa = PBXFileReference; lastKnownFileType = sourcecode.swift; path = MenuBarController.swift; sourceTree = "<group>"; };
		CA9101786328CD432A54D231 /* ServerTester.swift */ = {isa = PBXFileReference; lastKnownFileType = sourcecode.swift; path = ServerTester.swift; sourceTree = "<group>"; };
		CB8E667D7910CDD0AF684ECC /* Subscription.swift */ = {isa = PBXFileReference; lastKnownFileType = sourcecode.swift; path = Subscription.swift; sourceTree = "<group>"; };
		D11D32F476A9BD1F172E687F /* PrismTUN.entitlements */ = {isa = PBXFileReference; lastKnownFileType = text.plist.entitlements; path = PrismTUN.entitlements; sourceTree = "<group>"; };
		D3EF8A0F402E8699818509C0 /* ProfileManager.swift */ = {isa = PBXFileReference; lastKnownFileType = sourcecode.swift; path = ProfileManager.swift; sourceTree = "<group>"; };
		D4052A9CBBC47FCAE9E8F0FF /* PacketTunnelProvider.swift */ = {isa = PBXFileReference; lastKnownFileType = sourcecode.swift; path = PacketTunnelProvider.swift; sourceTree = "<group>"; };
		D5D0B845F41D2AD134C5545A /* RuleEditorView.swift */ = {isa = PBXFileReference; lastKnownFileType = sourcecode.swift; path = RuleEditorView.swift; sourceTree = "<group>"; };
		D7C0EA7E38A9E14104346507 /* LogsView.swift */ = {isa = PBXFileReference; lastKnownFileType = sourcecode.swift; path = LogsView.swift; sourceTree = "<group>"; };
		DA6A29347EB71A60BCBDFB4F /* PrismTUNApp.swift */ = {isa = PBXFileReference; lastKnownFileType = sourcecode.swift; path = PrismTUNApp.swift; sourceTree = "<group>"; };
		F87420B675DF5C92A95996BA /* ProfileListView.swift */ = {isa = PBXFileReference; lastKnownFileType = sourcecode.swift; path = ProfileListView.swift; sourceTree = "<group>"; };
/* End PBXFileReference section */

/* Begin PBXGroup section */
		47F50E0992E2DFBCCD894AAD /* Profiles */ = {
			isa = PBXGroup;
			children = (
				715186492E8DF70BD56A58F3 /* AddProfileView.swift */,
				F87420B675DF5C92A95996BA /* ProfileListView.swift */,
				98D23131CD74D838F61B732C /* ProfilesViewModel.swift */,
			);
			path = Profiles;
			sourceTree = "<group>";
		};
		48BBA8E05B5F185E034CF22B = {
			isa = PBXGroup;
			children = (
				A3025FECEEBF19DCCF4B449D /* PacketTunnelProvider */,
				93B576CBDA87ABF98855195A /* PrismTUN */,
				5646840E6B028533109ABDFC /* Products */,
			);
			sourceTree = "<group>";
		};
		5646840E6B028533109ABDFC /* Products */ = {
			isa = PBXGroup;
			children = (
				1D4D851A01F66E44C8171C60 /* PacketTunnelProvider.appex */,
				373A22FD807372E6ABB045C3 /* PrismTUN.app */,
			);
			name = Products;
			sourceTree = "<group>";
		};
		5F4D45D58C4E951FDED2F0AE /* Dashboard */ = {
			isa = PBXGroup;
			children = (
				21FD45F378A1BF28CF472422 /* DashboardView.swift */,
				836019094D6FC5CD1CB8557E /* DashboardViewModel.swift */,
			);
			path = Dashboard;
			sourceTree = "<group>";
		};
		673FD45D9F1935DD35F09A13 /* MenuBar */ = {
			isa = PBXGroup;
			children = (
				C977BDEFEBE5360FB5236F08 /* MenuBarController.swift */,
			);
			path = MenuBar;
			sourceTree = "<group>";
		};
		6E910F808E974301F380D5CF /* Managers */ = {
			isa = PBXGroup;
			children = (
				D3EF8A0F402E8699818509C0 /* ProfileManager.swift */,
				CA9101786328CD432A54D231 /* ServerTester.swift */,
				BBA9497DBBFCD9A442559AE0 /* SingBoxConfigBuilder.swift */,
				50A858EA4AE7625E98A44511 /* SingBoxManager.swift */,
				1F2BA40BD9832F5AFBB8D437 /* SubscriptionManager.swift */,
				0ACAD5AE7254EEC7668DB0BC /* SystemProxyManager.swift */,
				B7D415F21BB4C21C784650FE /* VPNManager.swift */,
			);
			path = Managers;
			sourceTree = "<group>";
		};
		758464746358752D5C56DDBA /* Core */ = {
			isa = PBXGroup;
			children = (
				FA1E2E583A9249A6C7737F82 /* Infrastructure */,
				6E910F808E974301F380D5CF /* Managers */,
				8FF1C916D089D09FFAE2DF10 /* Models */,
			);
			path = Core;
			sourceTree = "<group>";
		};
		81E424E92001AD92E14833E5 /* Resources */ = {
			isa = PBXGroup;
			children = (
				D11D32F476A9BD1F172E687F /* PrismTUN.entitlements */,
			);
			path = Resources;
			sourceTree = "<group>";
		};
		8FF1C916D089D09FFAE2DF10 /* Models */ = {
			isa = PBXGroup;
			children = (
				4A686CB611DFCCD9E774920A /* ConnectionMode.swift */,
				925C53DC499AC299D8559BF3 /* LogEntry.swift */,
				1C2322BE607DF0152A18BE7F /* ProxyProfile.swift */,
				C943BE22208F1E6C96CA0FE5 /* ProxyProtocol.swift */,
				912FD57C6C8EC6C80B02BBD0 /* RoutingRule.swift */,
				CB8E667D7910CDD0AF684ECC /* Subscription.swift */,
				268F045F3C48AEF2BD523FB2 /* TrafficStats.swift */,
			);
			path = Models;
			sourceTree = "<group>";
		};
		93B576CBDA87ABF98855195A /* PrismTUN */ = {
			isa = PBXGroup;
			children = (
				A82AA717B8AA55CA12375488 /* App */,
				758464746358752D5C56DDBA /* Core */,
				DA0EA0C235543692AA821640 /* Features */,
				81E424E92001AD92E14833E5 /* Resources */,
			);
			path = PrismTUN;
			sourceTree = "<group>";
		};
		9C5AAEB1FC49A508DA7AEC9D /* Logs */ = {
			isa = PBXGroup;
			children = (
				D7C0EA7E38A9E14104346507 /* LogsView.swift */,
				8951D8B0D1B3D0DFC377C4BE /* LogsViewModel.swift */,
			);
			path = Logs;
			sourceTree = "<group>";
		};
		9F6C5C4F9403490751B6EC92 /* Settings */ = {
			isa = PBXGroup;
			children = (
				3AED553260CDE8C971A4F31D /* SettingsView.swift */,
			);
			path = Settings;
			sourceTree = "<group>";
		};
		A3025FECEEBF19DCCF4B449D /* PacketTunnelProvider */ = {
			isa = PBXGroup;
			children = (
				D4052A9CBBC47FCAE9E8F0FF /* PacketTunnelProvider.swift */,
			);
			path = PacketTunnelProvider;
			sourceTree = "<group>";
		};
		A33B88D6AEBD1AAC1FB499B1 /* Routing */ = {
			isa = PBXGroup;
			children = (
				3671E9BC136FED153CDABCBD /* RoutingView.swift */,
				863E23F62A926736D7576DC3 /* RoutingViewModel.swift */,
				D5D0B845F41D2AD134C5545A /* RuleEditorView.swift */,
				B71029C3A20BC5590F3ACB3B /* RulePresets.swift */,
			);
			path = Routing;
			sourceTree = "<group>";
		};
		A82AA717B8AA55CA12375488 /* App */ = {
			isa = PBXGroup;
			children = (
				DA6A29347EB71A60BCBDFB4F /* PrismTUNApp.swift */,
			);
			path = App;
			sourceTree = "<group>";
		};
		DA0EA0C235543692AA821640 /* Features */ = {
			isa = PBXGroup;
			children = (
				770A9CC5579203809D3DACCC /* ContentView.swift */,
				5F4D45D58C4E951FDED2F0AE /* Dashboard */,
				9C5AAEB1FC49A508DA7AEC9D /* Logs */,
				673FD45D9F1935DD35F09A13 /* MenuBar */,
				47F50E0992E2DFBCCD894AAD /* Profiles */,
				A33B88D6AEBD1AAC1FB499B1 /* Routing */,
				9F6C5C4F9403490751B6EC92 /* Settings */,
				E1B5C0639263262834E2453A /* Subscriptions */,
			);
			path = Features;
			sourceTree = "<group>";
		};
		E1B5C0639263262834E2453A /* Subscriptions */ = {
			isa = PBXGroup;
			children = (
				A6195F3292AFD4C8DD0E7BD7 /* AddSubscriptionView.swift */,
			);
			path = Subscriptions;
			sourceTree = "<group>";
		};
		FA1E2E583A9249A6C7737F82 /* Infrastructure */ = {
			isa = PBXGroup;
			children = (
				AC05A67CEBE6C7A67610BDF4 /* KeychainStore.swift */,
				924CC40EA380DCCB9A75732B /* NetworkMonitor.swift */,
				4A6BC52F92554984F423B87D /* ProfileStore.swift */,
				C39ABC3ADAD42E0370A530C1 /* RoutingStore.swift */,
				ABC08D5C15579F94697CE2A2 /* SubscriptionStore.swift */,
			);
			path = Infrastructure;
			sourceTree = "<group>";
		};
/* End PBXGroup section */

/* Begin PBXNativeTarget section */
		58B7A6D1A86A4C131A1B3A85 /* PacketTunnelProvider */ = {
			isa = PBXNativeTarget;
			buildConfigurationList = E87C0637B7FA5E3EF43C4075 /* Build configuration list for PBXNativeTarget "PacketTunnelProvider" */;
			buildPhases = (
				B95D23AD5AC052CC3F73DCCC /* Sources */,
			);
			buildRules = (
			);
			dependencies = (
			);
			name = PacketTunnelProvider;
			packageProductDependencies = (
			);
			productName = PacketTunnelProvider;
			productReference = 1D4D851A01F66E44C8171C60 /* PacketTunnelProvider.appex */;
			productType = "com.apple.product-type.app-extension";
		};
		BBC081645D259A1C23F2A30F /* PrismTUN */ = {
			isa = PBXNativeTarget;
			buildConfigurationList = 49612CFA8F1AD031B0D76BB2 /* Build configuration list for PBXNativeTarget "PrismTUN" */;
			buildPhases = (
				5C3B1A77BF10D12175AAB7E5 /* Fetch sing-box binary */,
				6B92BAA65714908B4A066C03 /* Sources */,
				5117FCE8B2B76E345C8327D8 /* Embed sing-box in app bundle */,
			);
			buildRules = (
			);
			dependencies = (
			);
			name = PrismTUN;
			packageProductDependencies = (
			);
			productName = PrismTUN;
			productReference = 373A22FD807372E6ABB045C3 /* PrismTUN.app */;
			productType = "com.apple.product-type.application";
		};
/* End PBXNativeTarget section */

/* Begin PBXProject section */
		80AD1574FBE37FDFE72F78EC /* Project object */ = {
			isa = PBXProject;
			attributes = {
				BuildIndependentTargetsInParallel = YES;
				LastUpgradeCheck = 1600;
				TargetAttributes = {
					58B7A6D1A86A4C131A1B3A85 = {
						ProvisioningStyle = Automatic;
					};
					BBC081645D259A1C23F2A30F = {
						ProvisioningStyle = Automatic;
					};
				};
			};
			buildConfigurationList = BA5AB4C4EED1E6A29ECA4CD1 /* Build configuration list for PBXProject "PrismTUN" */;
			developmentRegion = en;
			hasScannedForEncodings = 0;
			knownRegions = (
				Base,
				en,
			);
			mainGroup = 48BBA8E05B5F185E034CF22B;
			minimizedProjectReferenceProxies = 1;
			preferredProjectObjectVersion = 77;
			productRefGroup = 5646840E6B028533109ABDFC /* Products */;
			projectDirPath = "";
			projectRoot = "";
			targets = (
				58B7A6D1A86A4C131A1B3A85 /* PacketTunnelProvider */,
				BBC081645D259A1C23F2A30F /* PrismTUN */,
			);
		};
/* End PBXProject section */

/* Begin PBXShellScriptBuildPhase section */
		5117FCE8B2B76E345C8327D8 /* Embed sing-box in app bundle */ = {
			isa = PBXShellScriptBuildPhase;
			alwaysOutOfDate = 1;
			buildActionMask = 2147483647;
			files = (
			);
			inputFileListPaths = (
			);
			inputPaths = (
			);
			name = "Embed sing-box in app bundle";
			outputFileListPaths = (
			);
			outputPaths = (
			);
			runOnlyForDeploymentPostprocessing = 0;
			shellPath = /bin/sh;
			shellScript = "set -e\nBINARY=\"${SRCROOT}/PrismTUN/Resources/Binaries/sing-box\"\nDEST=\"${BUILT_PRODUCTS_DIR}/${CONTENTS_FOLDER_PATH}/Resources/sing-box\"\nmkdir -p \"$(dirname \"$DEST\")\"\ncp \"$BINARY\" \"$DEST\"\nchmod 755 \"$DEST\"\n# Re-sign with app identity for hardened runtime (skip for ad-hoc \"-\" or unsigned)\nif [ \"${CODE_SIGNING_ALLOWED:-NO}\" = \"YES\" ] && \\\n   [ -n \"${CODE_SIGN_IDENTITY:-}\" ] && \\\n   [ \"${CODE_SIGN_IDENTITY}\" != \"-\" ]; then\n  codesign --force --sign \"${CODE_SIGN_IDENTITY}\" \\\n    --options runtime \\\n    \"${DEST}\"\nfi\n";
		};
		5C3B1A77BF10D12175AAB7E5 /* Fetch sing-box binary */ = {
			isa = PBXShellScriptBuildPhase;
			alwaysOutOfDate = 1;
			buildActionMask = 2147483647;
			files = (
			);
			inputFileListPaths = (
			);
			inputPaths = (
			);
			name = "Fetch sing-box binary";
			outputFileListPaths = (
			);
			outputPaths = (
			);
			runOnlyForDeploymentPostprocessing = 0;
			shellPath = /bin/sh;
			shellScript = "set -e\nBINARY=\"${SRCROOT}/PrismTUN/Resources/Binaries/sing-box\"\nif [ ! -f \"$BINARY\" ] || [ ! -s \"$BINARY\" ]; then\n  bash \"${SRCROOT}/Scripts/fetch-singbox.sh\"\nfi\n";
		};
/* End PBXShellScriptBuildPhase section */

/* Begin PBXSourcesBuildPhase section */
		6B92BAA65714908B4A066C03 /* Sources */ = {
			isa = PBXSourcesBuildPhase;
			buildActionMask = 2147483647;
			files = (
				5DCE129CD0456DBAF002EC97 /* AddProfileView.swift in Sources */,
				E9E41EF44C824A52BC97F74D /* AddSubscriptionView.swift in Sources */,
				629006979F757748488BE5C1 /* ConnectionMode.swift in Sources */,
				3E70C835BB2283936F0D5722 /* ContentView.swift in Sources */,
				4D8F23D4B48FEF584522D2BC /* DashboardView.swift in Sources */,
				914177A69C15BA9BAB25D6B4 /* DashboardViewModel.swift in Sources */,
				7E7FB5C4EF9CBE2BA15FF189 /* KeychainStore.swift in Sources */,
				A4BBAE87D225B08407D02037 /* LogEntry.swift in Sources */,
				52C735AEDA33EAA5F2D8A4DD /* LogsView.swift in Sources */,
				90563355C466B0F855971FEF /* LogsViewModel.swift in Sources */,
				0094C2BE86AD9F0BA2235B81 /* MenuBarController.swift in Sources */,
				F531C6BE6942113A7A809BD1 /* NetworkMonitor.swift in Sources */,
				E37636BF4B3FCC44A099E81E /* PrismTUNApp.swift in Sources */,
				7657EBD2BEEA839ACE32BCE5 /* ProfileListView.swift in Sources */,
				135293C6B317F209FCC905A3 /* ProfileManager.swift in Sources */,
				EB752AFDD10C471BD5A95F05 /* ProfileStore.swift in Sources */,
				B505E53129BF16FA7984D9D1 /* ProfilesViewModel.swift in Sources */,
				39851E5B16437F394BA4AE80 /* ProxyProfile.swift in Sources */,
				4482BCB7940597FF186D54EB /* ProxyProtocol.swift in Sources */,
				955390507BE2A9954681A4B6 /* RoutingRule.swift in Sources */,
				507BDE53A7C198AACB741A18 /* RoutingStore.swift in Sources */,
				49BB87FC600C5CC436F7564C /* RoutingView.swift in Sources */,
				0C785525741D3339F7A695FF /* RoutingViewModel.swift in Sources */,
				D4C716A841DEE5DA9DFED8E9 /* RuleEditorView.swift in Sources */,
				75312C581A93D45CB3024160 /* RulePresets.swift in Sources */,
				EB946D0CE95A6739899453E4 /* ServerTester.swift in Sources */,
				33D3D30D8106B9308D627E06 /* SettingsView.swift in Sources */,
				D0EBEDA656A4FADF66FAFC8B /* SingBoxConfigBuilder.swift in Sources */,
				0A38A673CC492FFB83F42CB7 /* SingBoxManager.swift in Sources */,
				3E73FFAEF7614EF34F65C0CF /* Subscription.swift in Sources */,
				1DCE274E264B4F30D101783A /* SubscriptionManager.swift in Sources */,
				3C682396C0C382AEB0F4458A /* SubscriptionStore.swift in Sources */,
				9105D8D0298D9614BD3520E4 /* SystemProxyManager.swift in Sources */,
				4CEE54BA2497AF27FDB446A7 /* TrafficStats.swift in Sources */,
				C595EEAA80FEAA7499B84EA5 /* VPNManager.swift in Sources */,
			);
			runOnlyForDeploymentPostprocessing = 0;
		};
		B95D23AD5AC052CC3F73DCCC /* Sources */ = {
			isa = PBXSourcesBuildPhase;
			buildActionMask = 2147483647;
			files = (
				4A381EA203827D14D48BB10B /* PacketTunnelProvider.swift in Sources */,
			);
			runOnlyForDeploymentPostprocessing = 0;
		};
/* End PBXSourcesBuildPhase section */

/* Begin XCBuildConfiguration section */
		2735BA48736ACB2354A16BA9 /* Debug */ = {
			isa = XCBuildConfiguration;
			buildSettings = {
				CODE_SIGN_IDENTITY = "-";
				CODE_SIGN_STYLE = Automatic;
				COMBINE_HIDPI_IMAGES = YES;
				ENABLE_HARDENED_RUNTIME = YES;
				LD_RUNPATH_SEARCH_PATHS = (
					"$(inherited)",
					"@executable_path/../Frameworks",
					"@executable_path/../../../../Frameworks",
				);
				MACOSX_DEPLOYMENT_TARGET = 14.0;
				PRODUCT_BUNDLE_IDENTIFIER = com.prismtun.app.tunnel;
				SDKROOT = macosx;
			};
			name = Debug;
		};
		2F959B408668CDDA70AFA29A /* Debug */ = {
			isa = XCBuildConfiguration;
			buildSettings = {
				ASSETCATALOG_COMPILER_APPICON_NAME = AppIcon;
				CODE_SIGN_ENTITLEMENTS = PrismTUN/Resources/PrismTUN.entitlements;
				CODE_SIGN_IDENTITY = "-";
				CODE_SIGN_STYLE = Automatic;
				COMBINE_HIDPI_IMAGES = YES;
				ENABLE_HARDENED_RUNTIME = YES;
				INFOPLIST_FILE = PrismTUN/Resources/Info.plist;
				LD_RUNPATH_SEARCH_PATHS = (
					"$(inherited)",
					"@executable_path/../Frameworks",
				);
				MACOSX_DEPLOYMENT_TARGET = 14.0;
				PRODUCT_BUNDLE_IDENTIFIER = com.prismtun.app;
				SDKROOT = macosx;
			};
			name = Debug;
		};
		31B6740578F143D57171545D /* Release */ = {
			isa = XCBuildConfiguration;
			buildSettings = {
				CODE_SIGN_IDENTITY = "-";
				CODE_SIGN_STYLE = Automatic;
				COMBINE_HIDPI_IMAGES = YES;
				ENABLE_HARDENED_RUNTIME = YES;
				LD_RUNPATH_SEARCH_PATHS = (
					"$(inherited)",
					"@executable_path/../Frameworks",
					"@executable_path/../../../../Frameworks",
				);
				MACOSX_DEPLOYMENT_TARGET = 14.0;
				PRODUCT_BUNDLE_IDENTIFIER = com.prismtun.app.tunnel;
				SDKROOT = macosx;
			};
			name = Release;
		};
		3FD97E3666A6A6E228B2C500 /* Release */ = {
			isa = XCBuildConfiguration;
			buildSettings = {
				ALWAYS_SEARCH_USER_PATHS = NO;
				CLANG_ANALYZER_NONNULL = YES;
				CLANG_ANALYZER_NUMBER_OBJECT_CONVERSION = YES_AGGRESSIVE;
				CLANG_CXX_LANGUAGE_STANDARD = "gnu++14";
				CLANG_CXX_LIBRARY = "libc++";
				CLANG_ENABLE_MODULES = YES;
				CLANG_ENABLE_OBJC_ARC = YES;
				CLANG_ENABLE_OBJC_WEAK = YES;
				CLANG_WARN_BLOCK_CAPTURE_AUTORELEASING = YES;
				CLANG_WARN_BOOL_CONVERSION = YES;
				CLANG_WARN_COMMA = YES;
				CLANG_WARN_CONSTANT_CONVERSION = YES;
				CLANG_WARN_DEPRECATED_OBJC_IMPLEMENTATIONS = YES;
				CLANG_WARN_DIRECT_OBJC_ISA_USAGE = YES_ERROR;
				CLANG_WARN_DOCUMENTATION_COMMENTS = YES;
				CLANG_WARN_EMPTY_BODY = YES;
				CLANG_WARN_ENUM_CONVERSION = YES;
				CLANG_WARN_INFINITE_RECURSION = YES;
				CLANG_WARN_INT_CONVERSION = YES;
				CLANG_WARN_NON_LITERAL_NULL_CONVERSION = YES;
				CLANG_WARN_OBJC_IMPLICIT_RETAIN_SELF = YES;
				CLANG_WARN_OBJC_LITERAL_CONVERSION = YES;
				CLANG_WARN_OBJC_ROOT_CLASS = YES_ERROR;
				CLANG_WARN_QUOTED_INCLUDE_IN_FRAMEWORK_HEADER = YES;
				CLANG_WARN_RANGE_LOOP_ANALYSIS = YES;
				CLANG_WARN_STRICT_PROTOTYPES = YES;
				CLANG_WARN_SUSPICIOUS_MOVE = YES;
				CLANG_WARN_UNGUARDED_AVAILABILITY = YES_AGGRESSIVE;
				CLANG_WARN_UNREACHABLE_CODE = YES;
				CLANG_WARN__DUPLICATE_METHOD_MATCH = YES;
				COPY_PHASE_STRIP = NO;
				DEBUG_INFORMATION_FORMAT = "dwarf-with-dsym";
				ENABLE_NS_ASSERTIONS = NO;
				ENABLE_STRICT_OBJC_MSGSEND = YES;
				GCC_C_LANGUAGE_STANDARD = gnu11;
				GCC_NO_COMMON_BLOCKS = YES;
				GCC_WARN_64_TO_32_BIT_CONVERSION = YES;
				GCC_WARN_ABOUT_RETURN_TYPE = YES_ERROR;
				GCC_WARN_UNDECLARED_SELECTOR = YES;
				GCC_WARN_UNINITIALIZED_AUTOS = YES_AGGRESSIVE;
				GCC_WARN_UNUSED_FUNCTION = YES;
				GCC_WARN_UNUSED_VARIABLE = YES;
				MACOSX_DEPLOYMENT_TARGET = 14.0;
				MTL_ENABLE_DEBUG_INFO = NO;
				MTL_FAST_MATH = YES;
				PRODUCT_NAME = "$(TARGET_NAME)";
				SDKROOT = macosx;
				SWIFT_COMPILATION_MODE = wholemodule;
				SWIFT_OPTIMIZATION_LEVEL = "-O";
				SWIFT_VERSION = 6.0;
			};
			name = Release;
		};
		EC51919294D6BF7E39CCAD62 /* Debug */ = {
			isa = XCBuildConfiguration;
			buildSettings = {
				ALWAYS_SEARCH_USER_PATHS = NO;
				CLANG_ANALYZER_NONNULL = YES;
				CLANG_ANALYZER_NUMBER_OBJECT_CONVERSION = YES_AGGRESSIVE;
				CLANG_CXX_LANGUAGE_STANDARD = "gnu++14";
				CLANG_CXX_LIBRARY = "libc++";
				CLANG_ENABLE_MODULES = YES;
				CLANG_ENABLE_OBJC_ARC = YES;
				CLANG_ENABLE_OBJC_WEAK = YES;
				CLANG_WARN_BLOCK_CAPTURE_AUTORELEASING = YES;
				CLANG_WARN_BOOL_CONVERSION = YES;
				CLANG_WARN_COMMA = YES;
				CLANG_WARN_CONSTANT_CONVERSION = YES;
				CLANG_WARN_DEPRECATED_OBJC_IMPLEMENTATIONS = YES;
				CLANG_WARN_DIRECT_OBJC_ISA_USAGE = YES_ERROR;
				CLANG_WARN_DOCUMENTATION_COMMENTS = YES;
				CLANG_WARN_EMPTY_BODY = YES;
				CLANG_WARN_ENUM_CONVERSION = YES;
				CLANG_WARN_INFINITE_RECURSION = YES;
				CLANG_WARN_INT_CONVERSION = YES;
				CLANG_WARN_NON_LITERAL_NULL_CONVERSION = YES;
				CLANG_WARN_OBJC_IMPLICIT_RETAIN_SELF = YES;
				CLANG_WARN_OBJC_LITERAL_CONVERSION = YES;
				CLANG_WARN_OBJC_ROOT_CLASS = YES_ERROR;
				CLANG_WARN_QUOTED_INCLUDE_IN_FRAMEWORK_HEADER = YES;
				CLANG_WARN_RANGE_LOOP_ANALYSIS = YES;
				CLANG_WARN_STRICT_PROTOTYPES = YES;
				CLANG_WARN_SUSPICIOUS_MOVE = YES;
				CLANG_WARN_UNGUARDED_AVAILABILITY = YES_AGGRESSIVE;
				CLANG_WARN_UNREACHABLE_CODE = YES;
				CLANG_WARN__DUPLICATE_METHOD_MATCH = YES;
				COPY_PHASE_STRIP = NO;
				DEBUG_INFORMATION_FORMAT = dwarf;
				ENABLE_STRICT_OBJC_MSGSEND = YES;
				ENABLE_TESTABILITY = YES;
				GCC_C_LANGUAGE_STANDARD = gnu11;
				GCC_DYNAMIC_NO_PIC = NO;
				GCC_NO_COMMON_BLOCKS = YES;
				GCC_OPTIMIZATION_LEVEL = 0;
				GCC_PREPROCESSOR_DEFINITIONS = (
					"$(inherited)",
					"DEBUG=1",
				);
				GCC_WARN_64_TO_32_BIT_CONVERSION = YES;
				GCC_WARN_ABOUT_RETURN_TYPE = YES_ERROR;
				GCC_WARN_UNDECLARED_SELECTOR = YES;
				GCC_WARN_UNINITIALIZED_AUTOS = YES_AGGRESSIVE;
				GCC_WARN_UNUSED_FUNCTION = YES;
				GCC_WARN_UNUSED_VARIABLE = YES;
				MACOSX_DEPLOYMENT_TARGET = 14.0;
				MTL_ENABLE_DEBUG_INFO = INCLUDE_SOURCE;
				MTL_FAST_MATH = YES;
				ONLY_ACTIVE_ARCH = YES;
				PRODUCT_NAME = "$(TARGET_NAME)";
				SDKROOT = macosx;
				SWIFT_ACTIVE_COMPILATION_CONDITIONS = DEBUG;
				SWIFT_OPTIMIZATION_LEVEL = "-Onone";
				SWIFT_VERSION = 6.0;
			};
			name = Debug;
		};
		F6EE983F39CE914BE818D298 /* Release */ = {
			isa = XCBuildConfiguration;
			buildSettings = {
				ASSETCATALOG_COMPILER_APPICON_NAME = AppIcon;
				CODE_SIGN_ENTITLEMENTS = PrismTUN/Resources/PrismTUN.entitlements;
				CODE_SIGN_IDENTITY = "-";
				CODE_SIGN_STYLE = Automatic;
				COMBINE_HIDPI_IMAGES = YES;
				ENABLE_HARDENED_RUNTIME = YES;
				INFOPLIST_FILE = PrismTUN/Resources/Info.plist;
				LD_RUNPATH_SEARCH_PATHS = (
					"$(inherited)",
					"@executable_path/../Frameworks",
				);
				MACOSX_DEPLOYMENT_TARGET = 14.0;
				PRODUCT_BUNDLE_IDENTIFIER = com.prismtun.app;
				SDKROOT = macosx;
			};
			name = Release;
		};
/* End XCBuildConfiguration section */

/* Begin XCConfigurationList section */
		49612CFA8F1AD031B0D76BB2 /* Build configuration list for PBXNativeTarget "PrismTUN" */ = {
			isa = XCConfigurationList;
			buildConfigurations = (
				2F959B408668CDDA70AFA29A /* Debug */,
				F6EE983F39CE914BE818D298 /* Release */,
			);
			defaultConfigurationIsVisible = 0;
			defaultConfigurationName = Debug;
		};
		BA5AB4C4EED1E6A29ECA4CD1 /* Build configuration list for PBXProject "PrismTUN" */ = {
			isa = XCConfigurationList;
			buildConfigurations = (
				EC51919294D6BF7E39CCAD62 /* Debug */,
				3FD97E3666A6A6E228B2C500 /* Release */,
			);
			defaultConfigurationIsVisible = 0;
			defaultConfigurationName = Debug;
		};
		E87C0637B7FA5E3EF43C4075 /* Build configuration list for PBXNativeTarget "PacketTunnelProvider" */ = {
			isa = XCConfigurationList;
			buildConfigurations = (
				2735BA48736ACB2354A16BA9 /* Debug */,
				31B6740578F143D57171545D /* Release */,
			);
			defaultConfigurationIsVisible = 0;
			defaultConfigurationName = Debug;
		};
/* End XCConfigurationList section */
	};
	rootObject = 80AD1574FBE37FDFE72F78EC /* Project object */;
}
